{
  "originHash" : "8fc9a93e27289e78176e1e2677785ad6fa37d784d2d38cebffd3b67ad5ba9727",
  "pins" : [
    {
      "identity" : "gitdiff",
      "kind" : "remoteSourceControl",
      "location" : "https://github.com/tornikegomareli/gitdiff.git",
      "state" : {
        "revision" : "114b571a6dd0660ec9a57ba58a897964020f6bc2",
        "version" : "0.1.0"
      }
    }
  ],
  "version" : 3
}
